
Microsoft Visual Studio Solution File, Format Version 12.00
# Visual Studio 15
VisualStudioVersion = 15.0.28010.2046
MinimumVisualStudioVersion = 10.0.40219.1
Project("{9A19103F-16F7-4668-BE54-9A1E7A4F7556}") = "BugTracker.Operations", "BugTracker.Operations\BugTracker.Operations.csproj", "{C02794D8-484B-4AF3-87AF-FA0334D843F7}"
EndProject
Project("{9A19103F-16F7-4668-BE54-9A1E7A4F7556}") = "BugTracker.Storage", "BugTracker.Storage\BugTracker.Storage.csproj", "{5E973578-A94A-4832-8B44-3F3DC011872D}"
EndProject
Project("{9A19103F-16F7-4668-BE54-9A1E7A4F7556}") = "BugTracker.BL", "BugTracker.BL\BugTracker.BL.csproj", "{F1139111-E161-4B17-83B8-51E974C39EDF}"
EndProject
Project("{9A19103F-16F7-4668-BE54-9A1E7A4F7556}") = "BugTracker.Api", "BugTracker.Api\BugTracker.Api.csproj", "{D1E3B682-0F63-4E5C-AA29-69DBAC4CD60D}"
EndProject
Project("{FAE04EC0-301F-11D3-BF4B-00C04F79EFBC}") = "BugTracker.Resources", "BugTracker.Resources\BugTracker.Resources.csproj", "{CEC9686B-F4D1-463F-86D3-26C9BC429150}"
EndProject
Global
	GlobalSection(SolutionConfigurationPlatforms) = preSolution
		Debug|Any CPU = Debug|Any CPU
		Release|Any CPU = Release|Any CPU
	EndGlobalSection
	GlobalSection(ProjectConfigurationPlatforms) = postSolution
		{C02794D8-484B-4AF3-87AF-FA0334D843F7}.Debug|Any CPU.ActiveCfg = Debug|Any CPU
		{C02794D8-484B-4AF3-87AF-FA0334D843F7}.Debug|Any CPU.Build.0 = Debug|Any CPU
		{C02794D8-484B-4AF3-87AF-FA0334D843F7}.Release|Any CPU.ActiveCfg = Release|Any CPU
		{C02794D8-484B-4AF3-87AF-FA0334D843F7}.Release|Any CPU.Build.0 = Release|Any CPU
		{5E973578-A94A-4832-8B44-3F3DC011872D}.Debug|Any CPU.ActiveCfg = Debug|Any CPU
		{5E973578-A94A-4832-8B44-3F3DC011872D}.Debug|Any CPU.Build.0 = Debug|Any CPU
		{5E973578-A94A-4832-8B44-3F3DC011872D}.Release|Any CPU.ActiveCfg = Release|Any CPU
		{5E973578-A94A-4832-8B44-3F3DC011872D}.Release|Any CPU.Build.0 = Release|Any CPU
		{F1139111-E161-4B17-83B8-51E974C39EDF}.Debug|Any CPU.ActiveCfg = Debug|Any CPU
		{F1139111-E161-4B17-83B8-51E974C39EDF}.Debug|Any CPU.Build.0 = Debug|Any CPU
		{F1139111-E161-4B17-83B8-51E974C39EDF}.Release|Any CPU.ActiveCfg = Release|Any CPU
		{F1139111-E161-4B17-83B8-51E974C39EDF}.Release|Any CPU.Build.0 = Release|Any CPU
		{D1E3B682-0F63-4E5C-AA29-69DBAC4CD60D}.Debug|Any CPU.ActiveCfg = Debug|Any CPU
		{D1E3B682-0F63-4E5C-AA29-69DBAC4CD60D}.Debug|Any CPU.Build.0 = Debug|Any CPU
		{D1E3B682-0F63-4E5C-AA29-69DBAC4CD60D}.Release|Any CPU.ActiveCfg = Release|Any CPU
		{D1E3B682-0F63-4E5C-AA29-69DBAC4CD60D}.Release|Any CPU.Build.0 = Release|Any CPU
		{CEC9686B-F4D1-463F-86D3-26C9BC429150}.Debug|Any CPU.ActiveCfg = Debug|Any CPU
		{CEC9686B-F4D1-463F-86D3-26C9BC429150}.Debug|Any CPU.Build.0 = Debug|Any CPU
		{CEC9686B-F4D1-463F-86D3-26C9BC429150}.Release|Any CPU.ActiveCfg = Release|Any CPU
		{CEC9686B-F4D1-463F-86D3-26C9BC429150}.Release|Any CPU.Build.0 = Release|Any CPU
	EndGlobalSection
	GlobalSection(SolutionProperties) = preSolution
		HideSolutionNode = FALSE
	EndGlobalSection
	GlobalSection(ExtensibilityGlobals) = postSolution
		SolutionGuid = {BBBD56B9-D491-4744-ABB9-2AB3590D6A67}
	EndGlobalSection
EndGlobal
