
Microsoft Visual Studio Solution File, Format Version 12.00
# Visual Studio 15
VisualStudioVersion = 15.0.28010.2046
MinimumVisualStudioVersion = 10.0.40219.1
Project("{FAE04EC0-301F-11D3-BF4B-00C04F79EFBC}") = "BugTracker.Cli", "BugTracker.Cli\BugTracker.Cli.csproj", "{46499713-64DF-4B97-B137-9E9C2744ACF7}"
EndProject
Project("{FAE04EC0-301F-11D3-BF4B-00C04F79EFBC}") = "BugTracker.Dal", "BugTracker.Model\BugTracker.Dal.csproj", "{FEB0E985-25F8-4770-B9DF-7D1A1BB50A43}"
EndProject
Project("{FAE04EC0-301F-11D3-BF4B-00C04F79EFBC}") = "BugTracker.DB", "BugTracker.DB\BugTracker.DB.csproj", "{AD4E4CC8-3594-47E4-A9D5-C5D4264B94CC}"
EndProject
Project("{FAE04EC0-301F-11D3-BF4B-00C04F79EFBC}") = "BugTracker.Operations", "BugTracker.Operations\BugTracker.Operations.csproj", "{32C0B1BF-D84F-484E-9C58-EC99401FEC30}"
EndProject
Global
	GlobalSection(SolutionConfigurationPlatforms) = preSolution
		Debug|Any CPU = Debug|Any CPU
		Release|Any CPU = Release|Any CPU
	EndGlobalSection
	GlobalSection(ProjectConfigurationPlatforms) = postSolution
		{46499713-64DF-4B97-B137-9E9C2744ACF7}.Debug|Any CPU.ActiveCfg = Debug|Any CPU
		{46499713-64DF-4B97-B137-9E9C2744ACF7}.Debug|Any CPU.Build.0 = Debug|Any CPU
		{46499713-64DF-4B97-B137-9E9C2744ACF7}.Release|Any CPU.ActiveCfg = Release|Any CPU
		{46499713-64DF-4B97-B137-9E9C2744ACF7}.Release|Any CPU.Build.0 = Release|Any CPU
		{FEB0E985-25F8-4770-B9DF-7D1A1BB50A43}.Debug|Any CPU.ActiveCfg = Debug|Any CPU
		{FEB0E985-25F8-4770-B9DF-7D1A1BB50A43}.Debug|Any CPU.Build.0 = Debug|Any CPU
		{FEB0E985-25F8-4770-B9DF-7D1A1BB50A43}.Release|Any CPU.ActiveCfg = Release|Any CPU
		{FEB0E985-25F8-4770-B9DF-7D1A1BB50A43}.Release|Any CPU.Build.0 = Release|Any CPU
		{AD4E4CC8-3594-47E4-A9D5-C5D4264B94CC}.Debug|Any CPU.ActiveCfg = Debug|Any CPU
		{AD4E4CC8-3594-47E4-A9D5-C5D4264B94CC}.Debug|Any CPU.Build.0 = Debug|Any CPU
		{AD4E4CC8-3594-47E4-A9D5-C5D4264B94CC}.Release|Any CPU.ActiveCfg = Release|Any CPU
		{AD4E4CC8-3594-47E4-A9D5-C5D4264B94CC}.Release|Any CPU.Build.0 = Release|Any CPU
		{32C0B1BF-D84F-484E-9C58-EC99401FEC30}.Debug|Any CPU.ActiveCfg = Debug|Any CPU
		{32C0B1BF-D84F-484E-9C58-EC99401FEC30}.Debug|Any CPU.Build.0 = Debug|Any CPU
		{32C0B1BF-D84F-484E-9C58-EC99401FEC30}.Release|Any CPU.ActiveCfg = Release|Any CPU
		{32C0B1BF-D84F-484E-9C58-EC99401FEC30}.Release|Any CPU.Build.0 = Release|Any CPU
	EndGlobalSection
	GlobalSection(SolutionProperties) = preSolution
		HideSolutionNode = FALSE
	EndGlobalSection
	GlobalSection(ExtensibilityGlobals) = postSolution
		SolutionGuid = {BBBD56B9-D491-4744-ABB9-2AB3590D6A67}
	EndGlobalSection
EndGlobal
